// !$*UTF8*$!
{
	archiveVersion = 1;
	classes = {
	};
	objectVersion = 48;
	objects = {

/* Begin PBXBuildFile section */
		5226E9101FD4481B00C72C21 /* AppDelegate.swift in Sources */ = {isa = PBXBuildFile; fileRef = 5226E90F1FD4481B00C72C21 /* AppDelegate.swift */; };
		5226E9121FD4481B00C72C21 /* ViewController.swift in Sources */ = {isa = PBXBuildFile; fileRef = 5226E9111FD4481B00C72C21 /* ViewController.swift */; };
		5226E9151FD4481B00C72C21 /* Main.storyboard in Resources */ = {isa = PBXBuildFile; fileRef = 5226E9131FD4481B00C72C21 /* Main.storyboard */; };
		5226E9171FD4481B00C72C21 /* Assets.xcassets in Resources */ = {isa = PBXBuildFile; fileRef = 5226E9161FD4481B00C72C21 /* Assets.xcassets */; };
		5226E91A1FD4481B00C72C21 /* LaunchScreen.storyboard in Resources */ = {isa = PBXBuildFile; fileRef = 5226E9181FD4481B00C72C21 /* LaunchScreen.storyboard */; };
		5226E9241FD44A5600C72C21 /* star.png in Resources */ = {isa = PBXBuildFile; fileRef = 5226E9221FD44A5600C72C21 /* star.png */; };
		5262740E1FD44F3400790D87 /* SphereShape.swift in Sources */ = {isa = PBXBuildFile; fileRef = 5262740D1FD44F3400790D87 /* SphereShape.swift */; };
		720110AD232B5D5A00E02CCE /* fineGear.png in Resources */ = {isa = PBXBuildFile; fileRef = 720110AC232B5D5A00E02CCE /* fineGear.png */; };
		7208A4C922E2C7F3000AA144 /* Marker.swift in Sources */ = {isa = PBXBuildFile; fileRef = 7208A4C822E2C7F3000AA144 /* Marker.swift */; };
		722753CA2333766300A2DC29 /* dog.wav in Resources */ = {isa = PBXBuildFile; fileRef = 722753C92333766300A2DC29 /* dog.wav */; };
		722BB24522F3B2C900D990B2 /* synthPanel.xib in Resources */ = {isa = PBXBuildFile; fileRef = 722BB24422F3B2C900D990B2 /* synthPanel.xib */; };
		72372EDE2373DC890065F58A /* Misc in Resources */ = {isa = PBXBuildFile; fileRef = 72372EDD2373DC890065F58A /* Misc */; };
		7237D6B1230FC49F00A38D63 /* AllPatches.swift in Sources */ = {isa = PBXBuildFile; fileRef = 7237D6B0230FC49F00A38D63 /* AllPatches.swift */; };
		7237FEB22306952B000A571A /* OVStruct.swift in Sources */ = {isa = PBXBuildFile; fileRef = 7237FEB12306952B000A571A /* OVStruct.swift */; };
		723B1AB12333406A00AAD931 /* vwhorn44k.wav in Resources */ = {isa = PBXBuildFile; fileRef = 723B1AB02333406A00AAD931 /* vwhorn44k.wav */; };
		723B1AB7233341C100AAD931 /* bub1.wav in Resources */ = {isa = PBXBuildFile; fileRef = 723B1AB6233341C000AAD931 /* bub1.wav */; };
		7249379B230468F00053BC79 /* SynthPatches in Resources */ = {isa = PBXBuildFile; fileRef = 7249379A230468F00053BC79 /* SynthPatches */; };
		724C877F231F8587008E4625 /* texCache.swift in Sources */ = {isa = PBXBuildFile; fileRef = 724C877E231F8587008E4625 /* texCache.swift */; };
		7255495E232365A70054A522 /* TextureVC.swift in Sources */ = {isa = PBXBuildFile; fileRef = 7255495D232365A70054A522 /* TextureVC.swift */; };
		72554961232369E90054A522 /* TextureCell.swift in Sources */ = {isa = PBXBuildFile; fileRef = 72554960232369E90054A522 /* TextureCell.swift */; };
		7259B7CA22F3D553004774CC /* synthPanel.swift in Sources */ = {isa = PBXBuildFile; fileRef = 7259B7C922F3D553004774CC /* synthPanel.swift */; };
		725F033822E2DF5C00A6A5FD /* oogieBmp.swift in Sources */ = {isa = PBXBuildFile; fileRef = 725F033722E2DF5C00A6A5FD /* oogieBmp.swift */; };
		725F033A22E2FF2500A6A5FD /* spectrumGradient.png in Resources */ = {isa = PBXBuildFile; fileRef = 725F033922E2FF2500A6A5FD /* spectrumGradient.png */; };
		725F033E22E3036400A6A5FD /* sg2.png in Resources */ = {isa = PBXBuildFile; fileRef = 725F033D22E3036400A6A5FD /* sg2.png */; };
		725F034922E304E700A6A5FD /* AudioBufferPlayer.m in Sources */ = {isa = PBXBuildFile; fileRef = 725F034022E304E700A6A5FD /* AudioBufferPlayer.m */; };
		725F034A22E304E700A6A5FD /* SynthDave.m in Sources */ = {isa = PBXBuildFile; fileRef = 725F034422E304E700A6A5FD /* SynthDave.m */; };
		725F034B22E304E700A6A5FD /* soundFX.m in Sources */ = {isa = PBXBuildFile; fileRef = 725F034522E304E700A6A5FD /* soundFX.m */; };
		725F034C22E304E700A6A5FD /* oogieMidiStubs.m in Sources */ = {isa = PBXBuildFile; fileRef = 725F034622E304E700A6A5FD /* oogieMidiStubs.m */; };
		726323F52339FBDB00F393D4 /* PercKitPatches in Resources */ = {isa = PBXBuildFile; fileRef = 726323F42339FBDB00F393D4 /* PercKitPatches */; };
		72632E49237889C200867962 /* oogieLogoNotes.png in Resources */ = {isa = PBXBuildFile; fileRef = 72632E48237889C200867962 /* oogieLogoNotes.png */; };
		726CA86F2376566300C382AE /* PatchEditVC.swift in Sources */ = {isa = PBXBuildFile; fileRef = 726CA86E2376566200C382AE /* PatchEditVC.swift */; };
		726CA8712376566800C382AE /* helpVC.swift in Sources */ = {isa = PBXBuildFile; fileRef = 726CA8702376566800C382AE /* helpVC.swift */; };
		726CA8742376580300C382AE /* rhArrow.png in Resources */ = {isa = PBXBuildFile; fileRef = 726CA872237657FF00C382AE /* rhArrow.png */; };
		726CA8752376580300C382AE /* helpit.jpg in Resources */ = {isa = PBXBuildFile; fileRef = 726CA8732376580100C382AE /* helpit.jpg */; };
		726CA877237658A600C382AE /* dnArrow.png in Resources */ = {isa = PBXBuildFile; fileRef = 726CA876237658A600C382AE /* dnArrow.png */; };
		727A5612233996D80095BA90 /* synthIcon.png in Resources */ = {isa = PBXBuildFile; fileRef = 727A560E233996D70095BA90 /* synthIcon.png */; };
		727A5613233996D80095BA90 /* percIcon.png in Resources */ = {isa = PBXBuildFile; fileRef = 727A560F233996D80095BA90 /* percIcon.png */; };
		727A5614233996D80095BA90 /* sampleIcon.png in Resources */ = {isa = PBXBuildFile; fileRef = 727A5610233996D80095BA90 /* sampleIcon.png */; };
		727A5615233996D80095BA90 /* percKitIcon.png in Resources */ = {isa = PBXBuildFile; fileRef = 727A5611233996D80095BA90 /* percKitIcon.png */; };
		727E3BBC235541C500CD59B5 /* PercussionPatches in Resources */ = {isa = PBXBuildFile; fileRef = 727E3BBB235541C500CD59B5 /* PercussionPatches */; };
		727F08DD2367B5B80054C517 /* OogiePipe.swift in Sources */ = {isa = PBXBuildFile; fileRef = 727F08DC2367B5B80054C517 /* OogiePipe.swift */; };
		727F08DF23680A8E0054C517 /* PipeStruct.swift in Sources */ = {isa = PBXBuildFile; fileRef = 727F08DE23680A8E0054C517 /* PipeStruct.swift */; };
		7280B826237B60640055EB77 /* FactorySettings in Resources */ = {isa = PBXBuildFile; fileRef = 7280B825237B60630055EB77 /* FactorySettings */; };
		7280B829237CC5A60055EB77 /* ProfileNOT.png in Resources */ = {isa = PBXBuildFile; fileRef = 7280B828237CC5A60055EB77 /* ProfileNOT.png */; };
		7283A65D234085400088560D /* infoText.swift in Sources */ = {isa = PBXBuildFile; fileRef = 7283A65C234085400088560D /* infoText.swift */; };
		728D0B1A2377B67D003CC45A /* icon256.png in Resources */ = {isa = PBXBuildFile; fileRef = 728D0B192377B67D003CC45A /* icon256.png */; };
		728D0B1C2377B804003CC45A /* oogieLogo.png in Resources */ = {isa = PBXBuildFile; fileRef = 728D0B1B2377B804003CC45A /* oogieLogo.png */; };
		72AE3D612360A516008EEEB7 /* tp.png in Resources */ = {isa = PBXBuildFile; fileRef = 72AE3D602360A515008EEEB7 /* tp.png */; };
		72AFB97E23070B640009A577 /* OogieShape.swift in Sources */ = {isa = PBXBuildFile; fileRef = 72AFB97D23070B640009A577 /* OogieShape.swift */; };
		72B3E89D2342ECA300F30AB7 /* dawgj.jpg in Resources */ = {isa = PBXBuildFile; fileRef = 72B3E89C2342ECA300F30AB7 /* dawgj.jpg */; };
		72B7C5CB2322E48500175D4C /* ColorTools.swift in Sources */ = {isa = PBXBuildFile; fileRef = 72B7C5CA2322E48500175D4C /* ColorTools.swift */; };
		72C3D672234F074800560EC4 /* wheel01.png in Resources */ = {isa = PBXBuildFile; fileRef = 72C3D671234F074800560EC4 /* wheel01.png */; };
		72C91CE0235835B1009858F1 /* GMPatches in Resources */ = {isa = PBXBuildFile; fileRef = 72C91CDF235835B1009858F1 /* GMPatches */; };
		72D04B0122E6C232001922E2 /* OogieVoice.swift in Sources */ = {isa = PBXBuildFile; fileRef = 72D04B0022E6C232001922E2 /* OogieVoice.swift */; };
		72D3D69622F69C19001EACA7 /* DataManager.swift in Sources */ = {isa = PBXBuildFile; fileRef = 72D3D69522F69C19001EACA7 /* DataManager.swift */; };
		72D3D69822F69C61001EACA7 /* OogiePatch.swift in Sources */ = {isa = PBXBuildFile; fileRef = 72D3D69722F69C61001EACA7 /* OogiePatch.swift */; };
		72D4A29623332C45002C4D45 /* GeneralMidi in Resources */ = {isa = PBXBuildFile; fileRef = 72D4A29423332C44002C4D45 /* GeneralMidi */; };
		72D4A29723332C45002C4D45 /* Percussion in Resources */ = {isa = PBXBuildFile; fileRef = 72D4A29523332C45002C4D45 /* Percussion */; };
		72DB6EAA2329C4CA005406DC /* Knob.swift in Sources */ = {isa = PBXBuildFile; fileRef = 72DB6EA92329C4C9005406DC /* Knob.swift */; };
		72DB6EAE2329C56B005406DC /* rightBevel.png in Resources */ = {isa = PBXBuildFile; fileRef = 72DB6EAB2329C567005406DC /* rightBevel.png */; };
		72DB6EB02329C56B005406DC /* bottomBevel.png in Resources */ = {isa = PBXBuildFile; fileRef = 72DB6EAD2329C56A005406DC /* bottomBevel.png */; };
		72DCE765235538C200E7102C /* oog2-stripey00t.png in Resources */ = {isa = PBXBuildFile; fileRef = 72DCE764235538C200E7102C /* oog2-stripey00t.png */; };
		72DEB0A42320C049005A9505 /* chex4x4.png in Resources */ = {isa = PBXBuildFile; fileRef = 72DEB0A22320C049005A9505 /* chex4x4.png */; };
		72DEB0A52320C049005A9505 /* rainbowRing.png in Resources */ = {isa = PBXBuildFile; fileRef = 72DEB0A32320C049005A9505 /* rainbowRing.png */; };
		72E463E823702E3D003360D6 /* chooserVC.swift in Sources */ = {isa = PBXBuildFile; fileRef = 72E463E723702E3D003360D6 /* chooserVC.swift */; };
		72EE838323125D7B00FFAAE1 /* OogleScene.swift in Sources */ = {isa = PBXBuildFile; fileRef = 72EE838223125D7B00FFAAE1 /* OogleScene.swift */; };
/* End PBXBuildFile section */

/* Begin PBXFileReference section */
		5226E90C1FD4481B00C72C21 /* oogie2D.app */ = {isa = PBXFileReference; explicitFileType = wrapper.application; includeInIndex = 0; path = oogie2D.app; sourceTree = BUILT_PRODUCTS_DIR; };
		5226E90F1FD4481B00C72C21 /* AppDelegate.swift */ = {isa = PBXFileReference; lastKnownFileType = sourcecode.swift; path = AppDelegate.swift; sourceTree = "<group>"; };
		5226E9111FD4481B00C72C21 /* ViewController.swift */ = {isa = PBXFileReference; lastKnownFileType = sourcecode.swift; path = ViewController.swift; sourceTree = "<group>"; };
		5226E9141FD4481B00C72C21 /* Base */ = {isa = PBXFileReference; lastKnownFileType = file.storyboard; name = Base; path = Base.lproj/Main.storyboard; sourceTree = "<group>"; };
		5226E9161FD4481B00C72C21 /* Assets.xcassets */ = {isa = PBXFileReference; lastKnownFileType = folder.assetcatalog; path = Assets.xcassets; sourceTree = "<group>"; };
		5226E9191FD4481B00C72C21 /* Base */ = {isa = PBXFileReference; lastKnownFileType = file.storyboard; name = Base; path = Base.lproj/LaunchScreen.storyboard; sourceTree = "<group>"; };
		5226E9221FD44A5600C72C21 /* star.png */ = {isa = PBXFileReference; lastKnownFileType = image.png; path = star.png; sourceTree = "<group>"; };
		5262740D1FD44F3400790D87 /* SphereShape.swift */ = {isa = PBXFileReference; lastKnownFileType = sourcecode.swift; path = SphereShape.swift; sourceTree = "<group>"; };
		720110AC232B5D5A00E02CCE /* fineGear.png */ = {isa = PBXFileReference; lastKnownFileType = image.png; path = fineGear.png; sourceTree = "<group>"; };
		7208A4C822E2C7F3000AA144 /* Marker.swift */ = {isa = PBXFileReference; fileEncoding = 4; lastKnownFileType = sourcecode.swift; path = Marker.swift; sourceTree = "<group>"; };
		721FAF3C2338795000DC3091 /* GMidi.h */ = {isa = PBXFileReference; lastKnownFileType = sourcecode.c.h; path = GMidi.h; sourceTree = "<group>"; };
		722753C92333766300A2DC29 /* dog.wav */ = {isa = PBXFileReference; lastKnownFileType = audio.wav; path = dog.wav; sourceTree = "<group>"; };
		722BB24422F3B2C900D990B2 /* synthPanel.xib */ = {isa = PBXFileReference; lastKnownFileType = file.xib; path = synthPanel.xib; sourceTree = "<group>"; };
		72372EDD2373DC890065F58A /* Misc */ = {isa = PBXFileReference; lastKnownFileType = folder; path = Misc; sourceTree = "<group>"; };
		7237D6B0230FC49F00A38D63 /* AllPatches.swift */ = {isa = PBXFileReference; lastKnownFileType = sourcecode.swift; path = AllPatches.swift; sourceTree = "<group>"; };
		7237FEB12306952B000A571A /* OVStruct.swift */ = {isa = PBXFileReference; lastKnownFileType = sourcecode.swift; path = OVStruct.swift; sourceTree = "<group>"; };
		723B1AB02333406A00AAD931 /* vwhorn44k.wav */ = {isa = PBXFileReference; lastKnownFileType = audio.wav; path = vwhorn44k.wav; sourceTree = "<group>"; };
		723B1AB22333418400AAD931 /* clave00.wav */ = {isa = PBXFileReference; lastKnownFileType = audio.wav; name = clave00.wav; path = Percussion/clave00.wav; sourceTree = "<group>"; };
		723B1AB4233341B800AAD931 /* congaMid.wav */ = {isa = PBXFileReference; lastKnownFileType = audio.wav; name = congaMid.wav; path = Percussion/congaMid.wav; sourceTree = "<group>"; };
		723B1AB6233341C000AAD931 /* bub1.wav */ = {isa = PBXFileReference; lastKnownFileType = audio.wav; path = bub1.wav; sourceTree = "<group>"; };
		7249379A230468F00053BC79 /* SynthPatches */ = {isa = PBXFileReference; lastKnownFileType = folder; path = SynthPatches; sourceTree = "<group>"; };
		724C877E231F8587008E4625 /* texCache.swift */ = {isa = PBXFileReference; lastKnownFileType = sourcecode.swift; path = texCache.swift; sourceTree = "<group>"; };
		7255495D232365A70054A522 /* TextureVC.swift */ = {isa = PBXFileReference; lastKnownFileType = sourcecode.swift; path = TextureVC.swift; sourceTree = "<group>"; };
		72554960232369E90054A522 /* TextureCell.swift */ = {isa = PBXFileReference; lastKnownFileType = sourcecode.swift; path = TextureCell.swift; sourceTree = "<group>"; };
		7259B7C922F3D553004774CC /* synthPanel.swift */ = {isa = PBXFileReference; lastKnownFileType = sourcecode.swift; path = synthPanel.swift; sourceTree = "<group>"; };
		725F033722E2DF5C00A6A5FD /* oogieBmp.swift */ = {isa = PBXFileReference; lastKnownFileType = sourcecode.swift; path = oogieBmp.swift; sourceTree = "<group>"; };
		725F033922E2FF2500A6A5FD /* spectrumGradient.png */ = {isa = PBXFileReference; lastKnownFileType = image.png; path = spectrumGradient.png; sourceTree = "<group>"; };
		725F033D22E3036400A6A5FD /* sg2.png */ = {isa = PBXFileReference; lastKnownFileType = image.png; path = sg2.png; sourceTree = "<group>"; };
		725F034022E304E700A6A5FD /* AudioBufferPlayer.m */ = {isa = PBXFileReference; fileEncoding = 4; lastKnownFileType = sourcecode.c.objc; path = AudioBufferPlayer.m; sourceTree = "<group>"; };
		725F034122E304E700A6A5FD /* cheat.h */ = {isa = PBXFileReference; fileEncoding = 4; lastKnownFileType = sourcecode.c.h; path = cheat.h; sourceTree = "<group>"; };
		725F034222E304E700A6A5FD /* oogieMidiStubs.h */ = {isa = PBXFileReference; fileEncoding = 4; lastKnownFileType = sourcecode.c.h; path = oogieMidiStubs.h; sourceTree = "<group>"; };
		725F034322E304E700A6A5FD /* soundFX.h */ = {isa = PBXFileReference; fileEncoding = 4; lastKnownFileType = sourcecode.c.h; path = soundFX.h; sourceTree = "<group>"; };
		725F034422E304E700A6A5FD /* SynthDave.m */ = {isa = PBXFileReference; fileEncoding = 4; lastKnownFileType = sourcecode.c.objc; path = SynthDave.m; sourceTree = "<group>"; };
		725F034522E304E700A6A5FD /* soundFX.m */ = {isa = PBXFileReference; fileEncoding = 4; lastKnownFileType = sourcecode.c.objc; path = soundFX.m; sourceTree = "<group>"; };
		725F034622E304E700A6A5FD /* oogieMidiStubs.m */ = {isa = PBXFileReference; fileEncoding = 4; lastKnownFileType = sourcecode.c.objc; path = oogieMidiStubs.m; sourceTree = "<group>"; };
		725F034722E304E700A6A5FD /* AudioBufferPlayer.h */ = {isa = PBXFileReference; fileEncoding = 4; lastKnownFileType = sourcecode.c.h; path = AudioBufferPlayer.h; sourceTree = "<group>"; };
		725F034822E304E700A6A5FD /* SynthDave.h */ = {isa = PBXFileReference; fileEncoding = 4; lastKnownFileType = sourcecode.c.h; path = SynthDave.h; sourceTree = "<group>"; };
		725F035E22E305CC00A6A5FD /* oogie2D-Bridging-Header.h */ = {isa = PBXFileReference; lastKnownFileType = sourcecode.c.h; path = "oogie2D-Bridging-Header.h"; sourceTree = "<group>"; };
		726323F42339FBDB00F393D4 /* PercKitPatches */ = {isa = PBXFileReference; lastKnownFileType = folder; path = PercKitPatches; sourceTree = "<group>"; };
		72632E48237889C200867962 /* oogieLogoNotes.png */ = {isa = PBXFileReference; lastKnownFileType = image.png; path = oogieLogoNotes.png; sourceTree = "<group>"; };
		726CA86E2376566200C382AE /* PatchEditVC.swift */ = {isa = PBXFileReference; fileEncoding = 4; lastKnownFileType = sourcecode.swift; path = PatchEditVC.swift; sourceTree = "<group>"; };
		726CA8702376566800C382AE /* helpVC.swift */ = {isa = PBXFileReference; fileEncoding = 4; lastKnownFileType = sourcecode.swift; path = helpVC.swift; sourceTree = "<group>"; };
		726CA872237657FF00C382AE /* rhArrow.png */ = {isa = PBXFileReference; lastKnownFileType = image.png; path = rhArrow.png; sourceTree = "<group>"; };
		726CA8732376580100C382AE /* helpit.jpg */ = {isa = PBXFileReference; lastKnownFileType = image.jpeg; path = helpit.jpg; sourceTree = "<group>"; };
		726CA876237658A600C382AE /* dnArrow.png */ = {isa = PBXFileReference; lastKnownFileType = image.png; path = dnArrow.png; sourceTree = "<group>"; };
		727A560E233996D70095BA90 /* synthIcon.png */ = {isa = PBXFileReference; lastKnownFileType = image.png; path = synthIcon.png; sourceTree = "<group>"; };
		727A560F233996D80095BA90 /* percIcon.png */ = {isa = PBXFileReference; lastKnownFileType = image.png; path = percIcon.png; sourceTree = "<group>"; };
		727A5610233996D80095BA90 /* sampleIcon.png */ = {isa = PBXFileReference; lastKnownFileType = image.png; path = sampleIcon.png; sourceTree = "<group>"; };
		727A5611233996D80095BA90 /* percKitIcon.png */ = {isa = PBXFileReference; lastKnownFileType = image.png; path = percKitIcon.png; sourceTree = "<group>"; };
		727E3BBB235541C500CD59B5 /* PercussionPatches */ = {isa = PBXFileReference; lastKnownFileType = folder; path = PercussionPatches; sourceTree = SOURCE_ROOT; };
		727EDCE22335C0D70028B011 /* moog01.wav */ = {isa = PBXFileReference; lastKnownFileType = audio.wav; name = moog01.wav; path = Percussion/moog01.wav; sourceTree = "<group>"; };
		727F08DC2367B5B80054C517 /* OogiePipe.swift */ = {isa = PBXFileReference; lastKnownFileType = sourcecode.swift; path = OogiePipe.swift; sourceTree = "<group>"; };
		727F08DE23680A8E0054C517 /* PipeStruct.swift */ = {isa = PBXFileReference; lastKnownFileType = sourcecode.swift; path = PipeStruct.swift; sourceTree = "<group>"; };
		7280B825237B60630055EB77 /* FactorySettings */ = {isa = PBXFileReference; lastKnownFileType = folder; path = FactorySettings; sourceTree = "<group>"; };
		7280B828237CC5A60055EB77 /* ProfileNOT.png */ = {isa = PBXFileReference; lastKnownFileType = image.png; path = ProfileNOT.png; sourceTree = "<group>"; };
		7283A65C234085400088560D /* infoText.swift */ = {isa = PBXFileReference; lastKnownFileType = sourcecode.swift; path = infoText.swift; sourceTree = "<group>"; };
		728D0B192377B67D003CC45A /* icon256.png */ = {isa = PBXFileReference; lastKnownFileType = image.png; path = icon256.png; sourceTree = "<group>"; };
		728D0B1B2377B804003CC45A /* oogieLogo.png */ = {isa = PBXFileReference; lastKnownFileType = image.png; path = oogieLogo.png; sourceTree = "<group>"; };
		72AE3D602360A515008EEEB7 /* tp.png */ = {isa = PBXFileReference; lastKnownFileType = image.png; path = tp.png; sourceTree = "<group>"; };
		72AFB97D23070B640009A577 /* OogieShape.swift */ = {isa = PBXFileReference; lastKnownFileType = sourcecode.swift; path = OogieShape.swift; sourceTree = "<group>"; };
		72B3E89C2342ECA300F30AB7 /* dawgj.jpg */ = {isa = PBXFileReference; lastKnownFileType = image.jpeg; path = dawgj.jpg; sourceTree = "<group>"; };
		72B7C5CA2322E48500175D4C /* ColorTools.swift */ = {isa = PBXFileReference; lastKnownFileType = sourcecode.swift; path = ColorTools.swift; sourceTree = "<group>"; };
		72C3D671234F074800560EC4 /* wheel01.png */ = {isa = PBXFileReference; lastKnownFileType = image.png; path = wheel01.png; sourceTree = "<group>"; };
		72C91CDF235835B1009858F1 /* GMPatches */ = {isa = PBXFileReference; lastKnownFileType = folder; path = GMPatches; sourceTree = "<group>"; };
		72D04B0022E6C232001922E2 /* OogieVoice.swift */ = {isa = PBXFileReference; lastKnownFileType = sourcecode.swift; path = OogieVoice.swift; sourceTree = "<group>"; };
		72D3D69522F69C19001EACA7 /* DataManager.swift */ = {isa = PBXFileReference; lastKnownFileType = sourcecode.swift; path = DataManager.swift; sourceTree = "<group>"; };
		72D3D69722F69C61001EACA7 /* OogiePatch.swift */ = {isa = PBXFileReference; lastKnownFileType = sourcecode.swift; path = OogiePatch.swift; sourceTree = "<group>"; };
		72D4A29423332C44002C4D45 /* GeneralMidi */ = {isa = PBXFileReference; lastKnownFileType = folder; path = GeneralMidi; sourceTree = "<group>"; };
		72D4A29523332C45002C4D45 /* Percussion */ = {isa = PBXFileReference; lastKnownFileType = folder; path = Percussion; sourceTree = "<group>"; };
		72DB6EA92329C4C9005406DC /* Knob.swift */ = {isa = PBXFileReference; fileEncoding = 4; lastKnownFileType = sourcecode.swift; name = Knob.swift; path = oogie/UI/Knob.swift; sourceTree = SOURCE_ROOT; };
		72DB6EAB2329C567005406DC /* rightBevel.png */ = {isa = PBXFileReference; lastKnownFileType = image.png; path = rightBevel.png; sourceTree = "<group>"; };
		72DB6EAD2329C56A005406DC /* bottomBevel.png */ = {isa = PBXFileReference; lastKnownFileType = image.png; path = bottomBevel.png; sourceTree = "<group>"; };
		72DCE764235538C200E7102C /* oog2-stripey00t.png */ = {isa = PBXFileReference; lastKnownFileType = image.png; path = "oog2-stripey00t.png"; sourceTree = "<group>"; };
		72DEB0A22320C049005A9505 /* chex4x4.png */ = {isa = PBXFileReference; lastKnownFileType = image.png; path = chex4x4.png; sourceTree = "<group>"; };
		72DEB0A32320C049005A9505 /* rainbowRing.png */ = {isa = PBXFileReference; lastKnownFileType = image.png; path = rainbowRing.png; sourceTree = "<group>"; };
		72E463E723702E3D003360D6 /* chooserVC.swift */ = {isa = PBXFileReference; fileEncoding = 4; lastKnownFileType = sourcecode.swift; path = chooserVC.swift; sourceTree = "<group>"; };
		72EE838223125D7B00FFAAE1 /* OogleScene.swift */ = {isa = PBXFileReference; lastKnownFileType = sourcecode.swift; path = OogleScene.swift; sourceTree = "<group>"; };
/* End PBXFileReference section */

/* Begin PBXFrameworksBuildPhase section */
		5226E9091FD4481B00C72C21 /* Frameworks */ = {
			isa = PBXFrameworksBuildPhase;
			buildActionMask = 2147483647;
			files = (
			);
			runOnlyForDeploymentPostprocessing = 0;
		};
/* End PBXFrameworksBuildPhase section */

/* Begin PBXGroup section */
		5226E9031FD4481B00C72C21 = {
			isa = PBXGroup;
			children = (
				7280B825237B60630055EB77 /* FactorySettings */,
				72C91CDF235835B1009858F1 /* GMPatches */,
				727E3BBB235541C500CD59B5 /* PercussionPatches */,
				726323F42339FBDB00F393D4 /* PercKitPatches */,
				7249379A230468F00053BC79 /* SynthPatches */,
				725F034D22E3054300A6A5FD /* Samples */,
				5226E90E1FD4481B00C72C21 /* oogie */,
				5226E90D1FD4481B00C72C21 /* Products */,
			);
			sourceTree = "<group>";
		};
		5226E90D1FD4481B00C72C21 /* Products */ = {
			isa = PBXGroup;
			children = (
				5226E90C1FD4481B00C72C21 /* oogie2D.app */,
			);
			name = Products;
			sourceTree = "<group>";
		};
		5226E90E1FD4481B00C72C21 /* oogie */ = {
			isa = PBXGroup;
			children = (
				72EE83812312536B00FFAAE1 /* Resources */,
				725F033F22E304E700A6A5FD /* audio */,
				5226E90F1FD4481B00C72C21 /* AppDelegate.swift */,
				5226E9111FD4481B00C72C21 /* ViewController.swift */,
				726CA86E2376566200C382AE /* PatchEditVC.swift */,
				72E463E723702E3D003360D6 /* chooserVC.swift */,
				726CA8702376566800C382AE /* helpVC.swift */,
				7255495D232365A70054A522 /* TextureVC.swift */,
				72554960232369E90054A522 /* TextureCell.swift */,
				5226E9131FD4481B00C72C21 /* Main.storyboard */,
				5226E9161FD4481B00C72C21 /* Assets.xcassets */,
				5226E9181FD4481B00C72C21 /* LaunchScreen.storyboard */,
				725F035E22E305CC00A6A5FD /* oogie2D-Bridging-Header.h */,
				725F033722E2DF5C00A6A5FD /* oogieBmp.swift */,
				7237D6B0230FC49F00A38D63 /* AllPatches.swift */,
				72D3D69522F69C19001EACA7 /* DataManager.swift */,
				7208A4C822E2C7F3000AA144 /* Marker.swift */,
				72D3D69722F69C61001EACA7 /* OogiePatch.swift */,
				72EE838223125D7B00FFAAE1 /* OogleScene.swift */,
				5262740D1FD44F3400790D87 /* SphereShape.swift */,
				72AFB97D23070B640009A577 /* OogieShape.swift */,
				72D04B0022E6C232001922E2 /* OogieVoice.swift */,
				7237FEB12306952B000A571A /* OVStruct.swift */,
				724C877E231F8587008E4625 /* texCache.swift */,
				72B7C5CA2322E48500175D4C /* ColorTools.swift */,
				727F08DC2367B5B80054C517 /* OogiePipe.swift */,
				727F08DE23680A8E0054C517 /* PipeStruct.swift */,
				727F08E0236894310054C517 /* UI */,
			);
			path = oogie;
			sourceTree = "<group>";
		};
		725F033F22E304E700A6A5FD /* audio */ = {
			isa = PBXGroup;
			children = (
				725F034022E304E700A6A5FD /* AudioBufferPlayer.m */,
				725F034122E304E700A6A5FD /* cheat.h */,
				725F034222E304E700A6A5FD /* oogieMidiStubs.h */,
				725F034822E304E700A6A5FD /* SynthDave.h */,
				725F034422E304E700A6A5FD /* SynthDave.m */,
				725F034322E304E700A6A5FD /* soundFX.h */,
				725F034522E304E700A6A5FD /* soundFX.m */,
				725F034622E304E700A6A5FD /* oogieMidiStubs.m */,
				725F034722E304E700A6A5FD /* AudioBufferPlayer.h */,
				721FAF3C2338795000DC3091 /* GMidi.h */,
			);
			path = audio;
			sourceTree = "<group>";
		};
		725F034D22E3054300A6A5FD /* Samples */ = {
			isa = PBXGroup;
			children = (
				72372EDD2373DC890065F58A /* Misc */,
				727EDCE22335C0D70028B011 /* moog01.wav */,
				722753C92333766300A2DC29 /* dog.wav */,
				723B1AB6233341C000AAD931 /* bub1.wav */,
				723B1AB4233341B800AAD931 /* congaMid.wav */,
				723B1AB22333418400AAD931 /* clave00.wav */,
				723B1AB02333406A00AAD931 /* vwhorn44k.wav */,
				72D4A29423332C44002C4D45 /* GeneralMidi */,
				72D4A29523332C45002C4D45 /* Percussion */,
			);
			path = Samples;
			sourceTree = "<group>";
		};
		727F08E0236894310054C517 /* UI */ = {
			isa = PBXGroup;
			children = (
				7283A65C234085400088560D /* infoText.swift */,
				72DB6EA92329C4C9005406DC /* Knob.swift */,
				722BB24422F3B2C900D990B2 /* synthPanel.xib */,
				7259B7C922F3D553004774CC /* synthPanel.swift */,
			);
			path = UI;
			sourceTree = "<group>";
		};
		72EE83812312536B00FFAAE1 /* Resources */ = {
			isa = PBXGroup;
			children = (
				7280B828237CC5A60055EB77 /* ProfileNOT.png */,
				72632E48237889C200867962 /* oogieLogoNotes.png */,
				728D0B1B2377B804003CC45A /* oogieLogo.png */,
				728D0B192377B67D003CC45A /* icon256.png */,
				726CA876237658A600C382AE /* dnArrow.png */,
				726CA8732376580100C382AE /* helpit.jpg */,
				726CA872237657FF00C382AE /* rhArrow.png */,
				72AE3D602360A515008EEEB7 /* tp.png */,
				72DCE764235538C200E7102C /* oog2-stripey00t.png */,
				72B3E89C2342ECA300F30AB7 /* dawgj.jpg */,
				727A560F233996D80095BA90 /* percIcon.png */,
				727A5611233996D80095BA90 /* percKitIcon.png */,
				72C3D671234F074800560EC4 /* wheel01.png */,
				727A5610233996D80095BA90 /* sampleIcon.png */,
				727A560E233996D70095BA90 /* synthIcon.png */,
				720110AC232B5D5A00E02CCE /* fineGear.png */,
				72DB6EAD2329C56A005406DC /* bottomBevel.png */,
				72DB6EAB2329C567005406DC /* rightBevel.png */,
				72DEB0A22320C049005A9505 /* chex4x4.png */,
				72DEB0A32320C049005A9505 /* rainbowRing.png */,
				725F033D22E3036400A6A5FD /* sg2.png */,
				725F033922E2FF2500A6A5FD /* spectrumGradient.png */,
				5226E9221FD44A5600C72C21 /* star.png */,
			);
			path = Resources;
			sourceTree = "<group>";
		};
/* End PBXGroup section */

/* Begin PBXNativeTarget section */
		5226E90B1FD4481B00C72C21 /* oogie2D */ = {
			isa = PBXNativeTarget;
			buildConfigurationList = 5226E91E1FD4481B00C72C21 /* Build configuration list for PBXNativeTarget "oogie2D" */;
			buildPhases = (
				5226E9081FD4481B00C72C21 /* Sources */,
				5226E9091FD4481B00C72C21 /* Frameworks */,
				5226E90A1FD4481B00C72C21 /* Resources */,
			);
			buildRules = (
			);
			dependencies = (
			);
			name = oogie2D;
			productName = 3dEarth;
			productReference = 5226E90C1FD4481B00C72C21 /* oogie2D.app */;
			productType = "com.apple.product-type.application";
		};
/* End PBXNativeTarget section */

/* Begin PBXProject section */
		5226E9041FD4481B00C72C21 /* Project object */ = {
			isa = PBXProject;
			attributes = {
				LastSwiftUpdateCheck = 0910;
				LastUpgradeCheck = 0910;
				ORGANIZATIONNAME = "Brian Advent";
				TargetAttributes = {
					5226E90B1FD4481B00C72C21 = {
						CreatedOnToolsVersion = 9.1;
						ProvisioningStyle = Automatic;
					};
				};
			};
			buildConfigurationList = 5226E9071FD4481B00C72C21 /* Build configuration list for PBXProject "oogie2D" */;
			compatibilityVersion = "Xcode 8.0";
			developmentRegion = en;
			hasScannedForEncodings = 0;
			knownRegions = (
				en,
				Base,
			);
			mainGroup = 5226E9031FD4481B00C72C21;
			productRefGroup = 5226E90D1FD4481B00C72C21 /* Products */;
			projectDirPath = "";
			projectRoot = "";
			targets = (
				5226E90B1FD4481B00C72C21 /* oogie2D */,
			);
		};
/* End PBXProject section */

/* Begin PBXResourcesBuildPhase section */
		5226E90A1FD4481B00C72C21 /* Resources */ = {
			isa = PBXResourcesBuildPhase;
			buildActionMask = 2147483647;
			files = (
				726CA8742376580300C382AE /* rhArrow.png in Resources */,
				72DB6EAE2329C56B005406DC /* rightBevel.png in Resources */,
				72DEB0A52320C049005A9505 /* rainbowRing.png in Resources */,
				726323F52339FBDB00F393D4 /* PercKitPatches in Resources */,
				727A5612233996D80095BA90 /* synthIcon.png in Resources */,
				72B3E89D2342ECA300F30AB7 /* dawgj.jpg in Resources */,
				726CA877237658A600C382AE /* dnArrow.png in Resources */,
				72AE3D612360A516008EEEB7 /* tp.png in Resources */,
				72DB6EB02329C56B005406DC /* bottomBevel.png in Resources */,
				5226E91A1FD4481B00C72C21 /* LaunchScreen.storyboard in Resources */,
				728D0B1A2377B67D003CC45A /* icon256.png in Resources */,
				72DCE765235538C200E7102C /* oog2-stripey00t.png in Resources */,
				7249379B230468F00053BC79 /* SynthPatches in Resources */,
				5226E9241FD44A5600C72C21 /* star.png in Resources */,
				727A5614233996D80095BA90 /* sampleIcon.png in Resources */,
				7280B826237B60640055EB77 /* FactorySettings in Resources */,
				723B1AB12333406A00AAD931 /* vwhorn44k.wav in Resources */,
				727A5613233996D80095BA90 /* percIcon.png in Resources */,
				72DEB0A42320C049005A9505 /* chex4x4.png in Resources */,
				72D4A29723332C45002C4D45 /* Percussion in Resources */,
				725F033A22E2FF2500A6A5FD /* spectrumGradient.png in Resources */,
				7280B829237CC5A60055EB77 /* ProfileNOT.png in Resources */,
				720110AD232B5D5A00E02CCE /* fineGear.png in Resources */,
				72632E49237889C200867962 /* oogieLogoNotes.png in Resources */,
				72372EDE2373DC890065F58A /* Misc in Resources */,
				5226E9171FD4481B00C72C21 /* Assets.xcassets in Resources */,
				72C3D672234F074800560EC4 /* wheel01.png in Resources */,
				72C91CE0235835B1009858F1 /* GMPatches in Resources */,
				72D4A29623332C45002C4D45 /* GeneralMidi in Resources */,
				728D0B1C2377B804003CC45A /* oogieLogo.png in Resources */,
				725F033E22E3036400A6A5FD /* sg2.png in Resources */,
				727A5615233996D80095BA90 /* percKitIcon.png in Resources */,
				5226E9151FD4481B00C72C21 /* Main.storyboard in Resources */,
				727E3BBC235541C500CD59B5 /* PercussionPatches in Resources */,
				722753CA2333766300A2DC29 /* dog.wav in Resources */,
				723B1AB7233341C100AAD931 /* bub1.wav in Resources */,
				722BB24522F3B2C900D990B2 /* synthPanel.xib in Resources */,
				726CA8752376580300C382AE /* helpit.jpg in Resources */,
			);
			runOnlyForDeploymentPostprocessing = 0;
		};
/* End PBXResourcesBuildPhase section */

/* Begin PBXSourcesBuildPhase section */
		5226E9081FD4481B00C72C21 /* Sources */ = {
			isa = PBXSourcesBuildPhase;
			buildActionMask = 2147483647;
			files = (
				7283A65D234085400088560D /* infoText.swift in Sources */,
				5226E9121FD4481B00C72C21 /* ViewController.swift in Sources */,
				72EE838323125D7B00FFAAE1 /* OogleScene.swift in Sources */,
				72D3D69622F69C19001EACA7 /* DataManager.swift in Sources */,
				725F034A22E304E700A6A5FD /* SynthDave.m in Sources */,
				7259B7CA22F3D553004774CC /* synthPanel.swift in Sources */,
				727F08DF23680A8E0054C517 /* PipeStruct.swift in Sources */,
				72DB6EAA2329C4CA005406DC /* Knob.swift in Sources */,
				72D04B0122E6C232001922E2 /* OogieVoice.swift in Sources */,
				726CA8712376566800C382AE /* helpVC.swift in Sources */,
				7208A4C922E2C7F3000AA144 /* Marker.swift in Sources */,
				725F034B22E304E700A6A5FD /* soundFX.m in Sources */,
				726CA86F2376566300C382AE /* PatchEditVC.swift in Sources */,
				7255495E232365A70054A522 /* TextureVC.swift in Sources */,
				727F08DD2367B5B80054C517 /* OogiePipe.swift in Sources */,
				72AFB97E23070B640009A577 /* OogieShape.swift in Sources */,
				72D3D69822F69C61001EACA7 /* OogiePatch.swift in Sources */,
				5262740E1FD44F3400790D87 /* SphereShape.swift in Sources */,
				72E463E823702E3D003360D6 /* chooserVC.swift in Sources */,
				7237FEB22306952B000A571A /* OVStruct.swift in Sources */,
				724C877F231F8587008E4625 /* texCache.swift in Sources */,
				72554961232369E90054A522 /* TextureCell.swift in Sources */,
				5226E9101FD4481B00C72C21 /* AppDelegate.swift in Sources */,
				7237D6B1230FC49F00A38D63 /* AllPatches.swift in Sources */,
				725F033822E2DF5C00A6A5FD /* oogieBmp.swift in Sources */,
				725F034C22E304E700A6A5FD /* oogieMidiStubs.m in Sources */,
				725F034922E304E700A6A5FD /* AudioBufferPlayer.m in Sources */,
				72B7C5CB2322E48500175D4C /* ColorTools.swift in Sources */,
			);
			runOnlyForDeploymentPostprocessing = 0;
		};
/* End PBXSourcesBuildPhase section */

/* Begin PBXVariantGroup section */
		5226E9131FD4481B00C72C21 /* Main.storyboard */ = {
			isa = PBXVariantGroup;
			children = (
				5226E9141FD4481B00C72C21 /* Base */,
			);
			name = Main.storyboard;
			sourceTree = "<group>";
		};
		5226E9181FD4481B00C72C21 /* LaunchScreen.storyboard */ = {
			isa = PBXVariantGroup;
			children = (
				5226E9191FD4481B00C72C21 /* Base */,
			);
			name = LaunchScreen.storyboard;
			sourceTree = "<group>";
		};
/* End PBXVariantGroup section */

/* Begin XCBuildConfiguration section */
		5226E91C1FD4481B00C72C21 /* Debug */ = {
			isa = XCBuildConfiguration;
			buildSettings = {
				ALWAYS_SEARCH_USER_PATHS = NO;
				CLANG_ANALYZER_NONNULL = YES;
				CLANG_ANALYZER_NUMBER_OBJECT_CONVERSION = YES_AGGRESSIVE;
				CLANG_CXX_LANGUAGE_STANDARD = "gnu++14";
				CLANG_CXX_LIBRARY = "libc++";
				CLANG_ENABLE_MODULES = YES;
				CLANG_ENABLE_OBJC_ARC = YES;
				CLANG_WARN_BLOCK_CAPTURE_AUTORELEASING = YES;
				CLANG_WARN_BOOL_CONVERSION = YES;
				CLANG_WARN_COMMA = YES;
				CLANG_WARN_CONSTANT_CONVERSION = YES;
				CLANG_WARN_DIRECT_OBJC_ISA_USAGE = YES_ERROR;
				CLANG_WARN_DOCUMENTATION_COMMENTS = YES;
				CLANG_WARN_EMPTY_BODY = YES;
				CLANG_WARN_ENUM_CONVERSION = YES;
				CLANG_WARN_INFINITE_RECURSION = YES;
				CLANG_WARN_INT_CONVERSION = YES;
				CLANG_WARN_NON_LITERAL_NULL_CONVERSION = YES;
				CLANG_WARN_OBJC_LITERAL_CONVERSION = YES;
				CLANG_WARN_OBJC_ROOT_CLASS = YES_ERROR;
				CLANG_WARN_RANGE_LOOP_ANALYSIS = YES;
				CLANG_WARN_STRICT_PROTOTYPES = YES;
				CLANG_WARN_SUSPICIOUS_MOVE = YES;
				CLANG_WARN_UNGUARDED_AVAILABILITY = YES_AGGRESSIVE;
				CLANG_WARN_UNREACHABLE_CODE = YES;
				CLANG_WARN__DUPLICATE_METHOD_MATCH = YES;
				CODE_SIGN_IDENTITY = "iPhone Developer";
				COPY_PHASE_STRIP = NO;
				DEBUG_INFORMATION_FORMAT = dwarf;
				ENABLE_STRICT_OBJC_MSGSEND = YES;
				ENABLE_TESTABILITY = YES;
				GCC_C_LANGUAGE_STANDARD = gnu11;
				GCC_DYNAMIC_NO_PIC = NO;
				GCC_NO_COMMON_BLOCKS = YES;
				GCC_OPTIMIZATION_LEVEL = 0;
				GCC_PREPROCESSOR_DEFINITIONS = (
					"DEBUG=1",
					"$(inherited)",
				);
				GCC_WARN_64_TO_32_BIT_CONVERSION = YES;
				GCC_WARN_ABOUT_RETURN_TYPE = YES_ERROR;
				GCC_WARN_UNDECLARED_SELECTOR = YES;
				GCC_WARN_UNINITIALIZED_AUTOS = YES_AGGRESSIVE;
				GCC_WARN_UNUSED_FUNCTION = YES;
				GCC_WARN_UNUSED_VARIABLE = YES;
				IPHONEOS_DEPLOYMENT_TARGET = 11.1;
				MTL_ENABLE_DEBUG_INFO = YES;
				ONLY_ACTIVE_ARCH = YES;
				SDKROOT = iphoneos;
				SWIFT_ACTIVE_COMPILATION_CONDITIONS = DEBUG;
				SWIFT_OPTIMIZATION_LEVEL = "-Onone";
			};
			name = Debug;
		};
		5226E91D1FD4481B00C72C21 /* Release */ = {
			isa = XCBuildConfiguration;
			buildSettings = {
				ALWAYS_SEARCH_USER_PATHS = NO;
				CLANG_ANALYZER_NONNULL = YES;
				CLANG_ANALYZER_NUMBER_OBJECT_CONVERSION = YES_AGGRESSIVE;
				CLANG_CXX_LANGUAGE_STANDARD = "gnu++14";
				CLANG_CXX_LIBRARY = "libc++";
				CLANG_ENABLE_MODULES = YES;
				CLANG_ENABLE_OBJC_ARC = YES;
				CLANG_WARN_BLOCK_CAPTURE_AUTORELEASING = YES;
				CLANG_WARN_BOOL_CONVERSION = YES;
				CLANG_WARN_COMMA = YES;
				CLANG_WARN_CONSTANT_CONVERSION = YES;
				CLANG_WARN_DIRECT_OBJC_ISA_USAGE = YES_ERROR;
				CLANG_WARN_DOCUMENTATION_COMMENTS = YES;
				CLANG_WARN_EMPTY_BODY = YES;
				CLANG_WARN_ENUM_CONVERSION = YES;
				CLANG_WARN_INFINITE_RECURSION = YES;
				CLANG_WARN_INT_CONVERSION = YES;
				CLANG_WARN_NON_LITERAL_NULL_CONVERSION = YES;
				CLANG_WARN_OBJC_LITERAL_CONVERSION = YES;
				CLANG_WARN_OBJC_ROOT_CLASS = YES_ERROR;
				CLANG_WARN_RANGE_LOOP_ANALYSIS = YES;
				CLANG_WARN_STRICT_PROTOTYPES = YES;
				CLANG_WARN_SUSPICIOUS_MOVE = YES;
				CLANG_WARN_UNGUARDED_AVAILABILITY = YES_AGGRESSIVE;
				CLANG_WARN_UNREACHABLE_CODE = YES;
				CLANG_WARN__DUPLICATE_METHOD_MATCH = YES;
				CODE_SIGN_IDENTITY = "iPhone Developer";
				COPY_PHASE_STRIP = NO;
				DEBUG_INFORMATION_FORMAT = "dwarf-with-dsym";
				ENABLE_NS_ASSERTIONS = NO;
				ENABLE_STRICT_OBJC_MSGSEND = YES;
				GCC_C_LANGUAGE_STANDARD = gnu11;
				GCC_NO_COMMON_BLOCKS = YES;
				GCC_WARN_64_TO_32_BIT_CONVERSION = YES;
				GCC_WARN_ABOUT_RETURN_TYPE = YES_ERROR;
				GCC_WARN_UNDECLARED_SELECTOR = YES;
				GCC_WARN_UNINITIALIZED_AUTOS = YES_AGGRESSIVE;
				GCC_WARN_UNUSED_FUNCTION = YES;
				GCC_WARN_UNUSED_VARIABLE = YES;
				IPHONEOS_DEPLOYMENT_TARGET = 11.1;
				MTL_ENABLE_DEBUG_INFO = NO;
				SDKROOT = iphoneos;
				SWIFT_OPTIMIZATION_LEVEL = "-Owholemodule";
				VALIDATE_PRODUCT = YES;
			};
			name = Release;
		};
		5226E91F1FD4481B00C72C21 /* Debug */ = {
			isa = XCBuildConfiguration;
			buildSettings = {
				ASSETCATALOG_COMPILER_APPICON_NAME = AppIcon;
				CODE_SIGN_STYLE = Automatic;
				DEVELOPMENT_TEAM = HV8UXF4ZBD;
				INFOPLIST_FILE = oogie/Info.plist;
				LD_RUNPATH_SEARCH_PATHS = "$(inherited) @executable_path/Frameworks";
				PRODUCT_BUNDLE_IDENTIFIER = com.frak.oogie2d;
				PRODUCT_NAME = "$(TARGET_NAME)";
				SWIFT_ACTIVE_COMPILATION_CONDITIONS = "DEBUG VERSION_2D USE_TESTPATTERN";
				SWIFT_OBJC_BRIDGING_HEADER = "oogie/oogie2D-Bridging-Header.h";
				SWIFT_VERSION = 4.0;
				TARGETED_DEVICE_FAMILY = "1,2";
			};
			name = Debug;
		};
		5226E9201FD4481B00C72C21 /* Release */ = {
			isa = XCBuildConfiguration;
			buildSettings = {
				ASSETCATALOG_COMPILER_APPICON_NAME = AppIcon;
				CODE_SIGN_STYLE = Automatic;
				DEVELOPMENT_TEAM = HV8UXF4ZBD;
				INFOPLIST_FILE = oogie/Info.plist;
				LD_RUNPATH_SEARCH_PATHS = "$(inherited) @executable_path/Frameworks";
				PRODUCT_BUNDLE_IDENTIFIER = com.frak.oogie2d;
				PRODUCT_NAME = "$(TARGET_NAME)";
				"SWIFT_ACTIVE_COMPILATION_CONDITIONS[arch=*]" = VERSION_2D;
				SWIFT_OBJC_BRIDGING_HEADER = "oogie/oogie2D-Bridging-Header.h";
				SWIFT_VERSION = 4.0;
				TARGETED_DEVICE_FAMILY = "1,2";
			};
			name = Release;
		};
/* End XCBuildConfiguration section */

/* Begin XCConfigurationList section */
		5226E9071FD4481B00C72C21 /* Build configuration list for PBXProject "oogie2D" */ = {
			isa = XCConfigurationList;
			buildConfigurations = (
				5226E91C1FD4481B00C72C21 /* Debug */,
				5226E91D1FD4481B00C72C21 /* Release */,
			);
			defaultConfigurationIsVisible = 0;
			defaultConfigurationName = Release;
		};
		5226E91E1FD4481B00C72C21 /* Build configuration list for PBXNativeTarget "oogie2D" */ = {
			isa = XCConfigurationList;
			buildConfigurations = (
				5226E91F1FD4481B00C72C21 /* Debug */,
				5226E9201FD4481B00C72C21 /* Release */,
			);
			defaultConfigurationIsVisible = 0;
			defaultConfigurationName = Release;
		};
/* End XCConfigurationList section */
	};
	rootObject = 5226E9041FD4481B00C72C21 /* Project object */;
}
